
Microsoft Visual Studio Solution File, Format Version 12.00
# Visual Studio 2013
VisualStudioVersion = 12.0.30110.0
MinimumVisualStudioVersion = 10.0.40219.1
Project("{FAE04EC0-301F-11D3-BF4B-00C04F79EFBC}") = "View", "View\View.csproj", "{20FF9F9B-03DA-494C-9E25-09B3D68F449A}"
EndProject
Project("{FAE04EC0-301F-11D3-BF4B-00C04F79EFBC}") = "Controller", "Controller\Controller.csproj", "{6D502247-5F1D-4C8C-948E-15975A740D3F}"
EndProject
Project("{FAE04EC0-301F-11D3-BF4B-00C04F79EFBC}") = "Model", "Model\Model.csproj", "{55C18A57-47D2-4E6E-94E9-3470FDD7B273}"
EndProject
Project("{2150E333-8FDC-42A3-9474-1A3956D46DE8}") = ".nuget", ".nuget", "{86191F98-6D01-482C-BF36-D177F94384D7}"
	ProjectSection(SolutionItems) = preProject
		.nuget\NuGet.Config = .nuget\NuGet.Config
		.nuget\NuGet.exe = .nuget\NuGet.exe
		.nuget\NuGet.targets = .nuget\NuGet.targets
	EndProjectSection
EndProject
Project("{FAE04EC0-301F-11D3-BF4B-00C04F79EFBC}") = "Rule", "Rule\Rule.csproj", "{1B80F351-290F-414D-AE14-8882F6653F75}"
EndProject
Project("{FAE04EC0-301F-11D3-BF4B-00C04F79EFBC}") = "TestPolicyCenter", "TestPolicyCenter\TestPolicyCenter.csproj", "{20DD8D21-C96A-4D03-B10C-90CBC501A661}"
EndProject
Global
	GlobalSection(SolutionConfigurationPlatforms) = preSolution
		Debug|Any CPU = Debug|Any CPU
		Release|Any CPU = Release|Any CPU
	EndGlobalSection
	GlobalSection(ProjectConfigurationPlatforms) = postSolution
		{20FF9F9B-03DA-494C-9E25-09B3D68F449A}.Debug|Any CPU.ActiveCfg = Debug|Any CPU
		{20FF9F9B-03DA-494C-9E25-09B3D68F449A}.Debug|Any CPU.Build.0 = Debug|Any CPU
		{20FF9F9B-03DA-494C-9E25-09B3D68F449A}.Release|Any CPU.ActiveCfg = Release|Any CPU
		{20FF9F9B-03DA-494C-9E25-09B3D68F449A}.Release|Any CPU.Build.0 = Release|Any CPU
		{6D502247-5F1D-4C8C-948E-15975A740D3F}.Debug|Any CPU.ActiveCfg = Debug|Any CPU
		{6D502247-5F1D-4C8C-948E-15975A740D3F}.Debug|Any CPU.Build.0 = Debug|Any CPU
		{6D502247-5F1D-4C8C-948E-15975A740D3F}.Release|Any CPU.ActiveCfg = Release|Any CPU
		{6D502247-5F1D-4C8C-948E-15975A740D3F}.Release|Any CPU.Build.0 = Release|Any CPU
		{55C18A57-47D2-4E6E-94E9-3470FDD7B273}.Debug|Any CPU.ActiveCfg = Debug|Any CPU
		{55C18A57-47D2-4E6E-94E9-3470FDD7B273}.Debug|Any CPU.Build.0 = Debug|Any CPU
		{55C18A57-47D2-4E6E-94E9-3470FDD7B273}.Release|Any CPU.ActiveCfg = Release|Any CPU
		{55C18A57-47D2-4E6E-94E9-3470FDD7B273}.Release|Any CPU.Build.0 = Release|Any CPU
		{1B80F351-290F-414D-AE14-8882F6653F75}.Debug|Any CPU.ActiveCfg = Debug|Any CPU
		{1B80F351-290F-414D-AE14-8882F6653F75}.Debug|Any CPU.Build.0 = Debug|Any CPU
		{1B80F351-290F-414D-AE14-8882F6653F75}.Release|Any CPU.ActiveCfg = Release|Any CPU
		{1B80F351-290F-414D-AE14-8882F6653F75}.Release|Any CPU.Build.0 = Release|Any CPU
		{20DD8D21-C96A-4D03-B10C-90CBC501A661}.Debug|Any CPU.ActiveCfg = Debug|Any CPU
		{20DD8D21-C96A-4D03-B10C-90CBC501A661}.Debug|Any CPU.Build.0 = Debug|Any CPU
		{20DD8D21-C96A-4D03-B10C-90CBC501A661}.Release|Any CPU.ActiveCfg = Release|Any CPU
		{20DD8D21-C96A-4D03-B10C-90CBC501A661}.Release|Any CPU.Build.0 = Release|Any CPU
	EndGlobalSection
	GlobalSection(SolutionProperties) = preSolution
		HideSolutionNode = FALSE
	EndGlobalSection
EndGlobal
